// !$*UTF8*$!
{
	archiveVersion = 1;
	classes = {
	};
	objectVersion = 46;
	objects = {

/* Begin PBXBuildFile section */
		AE0AD40D196497230062524F /* AppDelegate.swift in Sources */ = {isa = PBXBuildFile; fileRef = AE0AD406196497230062524F /* AppDelegate.swift */; };
		AE0AD40F196497230062524F /* ArticleViewController.swift in Sources */ = {isa = PBXBuildFile; fileRef = AE0AD407196497230062524F /* ArticleViewController.swift */; };
		AE0AD411196497230062524F /* Main.storyboard in Resources */ = {isa = PBXBuildFile; fileRef = AE0AD409196497230062524F /* Main.storyboard */; };
		AE0AD413196497230062524F /* Images.xcassets in Resources */ = {isa = PBXBuildFile; fileRef = AE0AD40B196497230062524F /* Images.xcassets */; };
		AE0AD41A1964977C0062524F /* HackerNewsTests.swift in Sources */ = {isa = PBXBuildFile; fileRef = AE0AD4181964977C0062524F /* HackerNewsTests.swift */; };
		AE0AD41D1964AC3A0062524F /* ArticlesViewController.swift in Sources */ = {isa = PBXBuildFile; fileRef = AE0AD41C1964AC3A0062524F /* ArticlesViewController.swift */; };
		AE0AD41F1964ACC30062524F /* LoginViewController.swift in Sources */ = {isa = PBXBuildFile; fileRef = AE0AD41E1964ACC30062524F /* LoginViewController.swift */; };
		AE0CC549196C9166000E03E3 /* LibHNUserStore.swift in Sources */ = {isa = PBXBuildFile; fileRef = AE0CC548196C9166000E03E3 /* LibHNUserStore.swift */; };
		AE0CC54B196C9175000E03E3 /* UserDataAccess.swift in Sources */ = {isa = PBXBuildFile; fileRef = AE0CC54A196C9175000E03E3 /* UserDataAccess.swift */; };
		AE105FCA196DCFAE00E8C6A9 /* CredentialStore.swift in Sources */ = {isa = PBXBuildFile; fileRef = AE105FC9196DCFAE00E8C6A9 /* CredentialStore.swift */; };
		AE105FCC196DCFCF00E8C6A9 /* AccountCredentialStore.swift in Sources */ = {isa = PBXBuildFile; fileRef = AE105FCB196DCFCF00E8C6A9 /* AccountCredentialStore.swift */; };
		AE629619196B0D900015DA80 /* BlurBackgroundSegueExtension.swift in Sources */ = {isa = PBXBuildFile; fileRef = AE629618196B0D900015DA80 /* BlurBackgroundSegueExtension.swift */; };
		AE67F77219651D5600916826 /* ArticleTableViewCell.swift in Sources */ = {isa = PBXBuildFile; fileRef = AE67F77119651D5600916826 /* ArticleTableViewCell.swift */; };
		AE67F77419651DFE00916826 /* DialogView.swift in Sources */ = {isa = PBXBuildFile; fileRef = AE67F77319651DFE00916826 /* DialogView.swift */; };
		AE721E171965D9B1008C9338 /* HackerNewsAPI.swift in Sources */ = {isa = PBXBuildFile; fileRef = AE721E161965D9B1008C9338 /* HackerNewsAPI.swift */; };
		AE721E191965DAEF008C9338 /* User.swift in Sources */ = {isa = PBXBuildFile; fileRef = AE721E181965DAEF008C9338 /* User.swift */; };
		AEBC8CD91965DC86001F8846 /* LibHNHackerNewsAPI.swift in Sources */ = {isa = PBXBuildFile; fileRef = AEBC8CD81965DC86001F8846 /* LibHNHackerNewsAPI.swift */; };
		AEBC8CDB1965DCC2001F8846 /* LibHNUserToUser.swift in Sources */ = {isa = PBXBuildFile; fileRef = AEBC8CDA1965DCC2001F8846 /* LibHNUserToUser.swift */; };
		AEBC8CDD1965DE6C001F8846 /* ObjectsFactory.swift in Sources */ = {isa = PBXBuildFile; fileRef = AEBC8CDC1965DE6C001F8846 /* ObjectsFactory.swift */; };
		AEBC8CDF1965E008001F8846 /* Post.swift in Sources */ = {isa = PBXBuildFile; fileRef = AEBC8CDE1965E008001F8846 /* Post.swift */; };
		AEBC8CE11965E169001F8846 /* LibHNPostToPost.swift in Sources */ = {isa = PBXBuildFile; fileRef = AEBC8CE01965E169001F8846 /* LibHNPostToPost.swift */; };
		AEBC8CE31965E3B0001F8846 /* LibHNPostTypeImages.swift in Sources */ = {isa = PBXBuildFile; fileRef = AEBC8CE21965E3B0001F8846 /* LibHNPostTypeImages.swift */; };
		E0001531837E4BB68C7BFD33 /* libPods.a in Frameworks */ = {isa = PBXBuildFile; fileRef = 8A0780E026FA4885ADD6C934 /* libPods.a */; };
/* End PBXBuildFile section */

/* Begin PBXContainerItemProxy section */
		AE0AD3F61964966C0062524F /* PBXContainerItemProxy */ = {
			isa = PBXContainerItemProxy;
			containerPortal = AE0AD3DB1964966B0062524F /* Project object */;
			proxyType = 1;
			remoteGlobalIDString = AE0AD3E21964966B0062524F;
			remoteInfo = HackerNews;
		};
		AE38BD581964F2FF00C47920 /* PBXContainerItemProxy */ = {
			isa = PBXContainerItemProxy;
			containerPortal = AE0AD3DB1964966B0062524F /* Project object */;
			proxyType = 1;
			remoteGlobalIDString = AE0AD3E21964966B0062524F;
			remoteInfo = HackerNews;
		};
/* End PBXContainerItemProxy section */

/* Begin PBXFileReference section */
		03144D6A38A24AB9BD8DBFEB /* Pods.xcconfig */ = {isa = PBXFileReference; includeInIndex = 1; lastKnownFileType = text.xcconfig; name = Pods.xcconfig; path = Pods/Pods.xcconfig; sourceTree = "<group>"; };
		8A0780E026FA4885ADD6C934 /* libPods.a */ = {isa = PBXFileReference; explicitFileType = archive.ar; includeInIndex = 0; path = libPods.a; sourceTree = BUILT_PRODUCTS_DIR; };
		AE0AD3E31964966B0062524F /* HackerNews.app */ = {isa = PBXFileReference; explicitFileType = wrapper.application; includeInIndex = 0; path = HackerNews.app; sourceTree = BUILT_PRODUCTS_DIR; };
		AE0AD3F51964966C0062524F /* HackerNewsTests.xctest */ = {isa = PBXFileReference; explicitFileType = wrapper.cfbundle; includeInIndex = 0; path = HackerNewsTests.xctest; sourceTree = BUILT_PRODUCTS_DIR; };
		AE0AD406196497230062524F /* AppDelegate.swift */ = {isa = PBXFileReference; fileEncoding = 4; lastKnownFileType = sourcecode.swift; path = AppDelegate.swift; sourceTree = "<group>"; };
		AE0AD407196497230062524F /* ArticleViewController.swift */ = {isa = PBXFileReference; fileEncoding = 4; lastKnownFileType = sourcecode.swift; path = ArticleViewController.swift; sourceTree = "<group>"; };
		AE0AD40A196497230062524F /* Base */ = {isa = PBXFileReference; lastKnownFileType = file.storyboard; name = Base; path = Base.lproj/Main.storyboard; sourceTree = "<group>"; };
		AE0AD40B196497230062524F /* Images.xcassets */ = {isa = PBXFileReference; lastKnownFileType = folder.assetcatalog; path = Images.xcassets; sourceTree = "<group>"; };
		AE0AD40C196497230062524F /* Info.plist */ = {isa = PBXFileReference; fileEncoding = 4; lastKnownFileType = text.plist.xml; path = Info.plist; sourceTree = "<group>"; };
		AE0AD4181964977C0062524F /* HackerNewsTests.swift */ = {isa = PBXFileReference; fileEncoding = 4; lastKnownFileType = sourcecode.swift; path = HackerNewsTests.swift; sourceTree = "<group>"; };
		AE0AD4191964977C0062524F /* Info.plist */ = {isa = PBXFileReference; fileEncoding = 4; lastKnownFileType = text.plist.xml; path = Info.plist; sourceTree = "<group>"; };
		AE0AD41C1964AC3A0062524F /* ArticlesViewController.swift */ = {isa = PBXFileReference; fileEncoding = 4; lastKnownFileType = sourcecode.swift; path = ArticlesViewController.swift; sourceTree = "<group>"; };
		AE0AD41E1964ACC30062524F /* LoginViewController.swift */ = {isa = PBXFileReference; fileEncoding = 4; lastKnownFileType = sourcecode.swift; path = LoginViewController.swift; sourceTree = "<group>"; };
		AE0CC548196C9166000E03E3 /* LibHNUserStore.swift */ = {isa = PBXFileReference; fileEncoding = 4; lastKnownFileType = sourcecode.swift; path = LibHNUserStore.swift; sourceTree = "<group>"; };
		AE0CC54A196C9175000E03E3 /* UserDataAccess.swift */ = {isa = PBXFileReference; fileEncoding = 4; lastKnownFileType = sourcecode.swift; path = UserDataAccess.swift; sourceTree = "<group>"; };
		AE0CC54C196C95CB000E03E3 /* HackerNews.entitlements */ = {isa = PBXFileReference; lastKnownFileType = text.xml; path = HackerNews.entitlements; sourceTree = "<group>"; };
		AE0E03831964BC6100B0239E /* HackerNews-Bridging-Header.h */ = {isa = PBXFileReference; lastKnownFileType = sourcecode.c.h; path = "HackerNews-Bridging-Header.h"; sourceTree = "<group>"; };
		AE105FC9196DCFAE00E8C6A9 /* CredentialStore.swift */ = {isa = PBXFileReference; fileEncoding = 4; lastKnownFileType = sourcecode.swift; path = CredentialStore.swift; sourceTree = "<group>"; };
		AE105FCB196DCFCF00E8C6A9 /* AccountCredentialStore.swift */ = {isa = PBXFileReference; fileEncoding = 4; lastKnownFileType = sourcecode.swift; path = AccountCredentialStore.swift; sourceTree = "<group>"; };
		AE629618196B0D900015DA80 /* BlurBackgroundSegueExtension.swift */ = {isa = PBXFileReference; fileEncoding = 4; lastKnownFileType = sourcecode.swift; path = BlurBackgroundSegueExtension.swift; sourceTree = "<group>"; };
		AE67F77119651D5600916826 /* ArticleTableViewCell.swift */ = {isa = PBXFileReference; fileEncoding = 4; lastKnownFileType = sourcecode.swift; path = ArticleTableViewCell.swift; sourceTree = "<group>"; };
		AE67F77319651DFE00916826 /* DialogView.swift */ = {isa = PBXFileReference; fileEncoding = 4; lastKnownFileType = sourcecode.swift; path = DialogView.swift; sourceTree = "<group>"; };
		AE721E161965D9B1008C9338 /* HackerNewsAPI.swift */ = {isa = PBXFileReference; fileEncoding = 4; lastKnownFileType = sourcecode.swift; path = HackerNewsAPI.swift; sourceTree = "<group>"; };
		AE721E181965DAEF008C9338 /* User.swift */ = {isa = PBXFileReference; fileEncoding = 4; lastKnownFileType = sourcecode.swift; path = User.swift; sourceTree = "<group>"; };
		AEBC8CD81965DC86001F8846 /* LibHNHackerNewsAPI.swift */ = {isa = PBXFileReference; fileEncoding = 4; lastKnownFileType = sourcecode.swift; path = LibHNHackerNewsAPI.swift; sourceTree = "<group>"; };
		AEBC8CDA1965DCC2001F8846 /* LibHNUserToUser.swift */ = {isa = PBXFileReference; fileEncoding = 4; lastKnownFileType = sourcecode.swift; path = LibHNUserToUser.swift; sourceTree = "<group>"; };
		AEBC8CDC1965DE6C001F8846 /* ObjectsFactory.swift */ = {isa = PBXFileReference; fileEncoding = 4; lastKnownFileType = sourcecode.swift; path = ObjectsFactory.swift; sourceTree = "<group>"; };
		AEBC8CDE1965E008001F8846 /* Post.swift */ = {isa = PBXFileReference; fileEncoding = 4; lastKnownFileType = sourcecode.swift; path = Post.swift; sourceTree = "<group>"; };
		AEBC8CE01965E169001F8846 /* LibHNPostToPost.swift */ = {isa = PBXFileReference; fileEncoding = 4; lastKnownFileType = sourcecode.swift; path = LibHNPostToPost.swift; sourceTree = "<group>"; };
		AEBC8CE21965E3B0001F8846 /* LibHNPostTypeImages.swift */ = {isa = PBXFileReference; fileEncoding = 4; lastKnownFileType = sourcecode.swift; path = LibHNPostTypeImages.swift; sourceTree = "<group>"; };
/* End PBXFileReference section */

/* Begin PBXFrameworksBuildPhase section */
		AE0AD3E01964966B0062524F /* Frameworks */ = {
			isa = PBXFrameworksBuildPhase;
			buildActionMask = 2147483647;
			files = (
				E0001531837E4BB68C7BFD33 /* libPods.a in Frameworks */,
			);
			runOnlyForDeploymentPostprocessing = 0;
		};
		AE0AD3F21964966C0062524F /* Frameworks */ = {
			isa = PBXFrameworksBuildPhase;
			buildActionMask = 2147483647;
			files = (
			);
			runOnlyForDeploymentPostprocessing = 0;
		};
/* End PBXFrameworksBuildPhase section */

/* Begin PBXGroup section */
		AE0AD3DA1964966B0062524F = {
			isa = PBXGroup;
			children = (
				AE0CC54C196C95CB000E03E3 /* HackerNews.entitlements */,
				AE0AD405196497230062524F /* Classes */,
				AE0AD408196497230062524F /* Resources */,
				AE0AD3E41964966B0062524F /* Products */,
				03144D6A38A24AB9BD8DBFEB /* Pods.xcconfig */,
				AE0AD4171964977C0062524F /* Tests */,
				CC3A868C6E5648D19BE0D01B /* Frameworks */,
			);
			sourceTree = "<group>";
		};
		AE0AD3E41964966B0062524F /* Products */ = {
			isa = PBXGroup;
			children = (
				AE0AD3E31964966B0062524F /* HackerNews.app */,
				AE0AD3F51964966C0062524F /* HackerNewsTests.xctest */,
			);
			name = Products;
			sourceTree = "<group>";
		};
		AE0AD405196497230062524F /* Classes */ = {
			isa = PBXGroup;
			children = (
				AE0AD406196497230062524F /* AppDelegate.swift */,
				AEBC8CDC1965DE6C001F8846 /* ObjectsFactory.swift */,
				AE721E181965DAEF008C9338 /* User.swift */,
				AE105FC9196DCFAE00E8C6A9 /* CredentialStore.swift */,
				AE105FCB196DCFCF00E8C6A9 /* AccountCredentialStore.swift */,
				AE0CC54A196C9175000E03E3 /* UserDataAccess.swift */,
				AE0CC548196C9166000E03E3 /* LibHNUserStore.swift */,
				AEBC8CDE1965E008001F8846 /* Post.swift */,
				AEBC8CDA1965DCC2001F8846 /* LibHNUserToUser.swift */,
				AEBC8CE01965E169001F8846 /* LibHNPostToPost.swift */,
				AEBC8CE21965E3B0001F8846 /* LibHNPostTypeImages.swift */,
				AE721E161965D9B1008C9338 /* HackerNewsAPI.swift */,
				AEBC8CD81965DC86001F8846 /* LibHNHackerNewsAPI.swift */,
				AE0AD41E1964ACC30062524F /* LoginViewController.swift */,
				AE67F77319651DFE00916826 /* DialogView.swift */,
				AE0AD41C1964AC3A0062524F /* ArticlesViewController.swift */,
				AE629618196B0D900015DA80 /* BlurBackgroundSegueExtension.swift */,
				AE67F77119651D5600916826 /* ArticleTableViewCell.swift */,
				AE0AD407196497230062524F /* ArticleViewController.swift */,
				AE0E03831964BC6100B0239E /* HackerNews-Bridging-Header.h */,
			);
			path = Classes;
			sourceTree = "<group>";
		};
		AE0AD408196497230062524F /* Resources */ = {
			isa = PBXGroup;
			children = (
				AE0AD409196497230062524F /* Main.storyboard */,
				AE0AD40B196497230062524F /* Images.xcassets */,
				AE0AD40C196497230062524F /* Info.plist */,
			);
			path = Resources;
			sourceTree = "<group>";
		};
		AE0AD4171964977C0062524F /* Tests */ = {
			isa = PBXGroup;
			children = (
				AE0AD4181964977C0062524F /* HackerNewsTests.swift */,
				AE0AD4191964977C0062524F /* Info.plist */,
			);
			path = Tests;
			sourceTree = "<group>";
		};
		CC3A868C6E5648D19BE0D01B /* Frameworks */ = {
			isa = PBXGroup;
			children = (
				8A0780E026FA4885ADD6C934 /* libPods.a */,
			);
			name = Frameworks;
			sourceTree = "<group>";
		};
/* End PBXGroup section */

/* Begin PBXNativeTarget section */
		AE0AD3E21964966B0062524F /* HackerNews */ = {
			isa = PBXNativeTarget;
			buildConfigurationList = AE0AD3FF1964966C0062524F /* Build configuration list for PBXNativeTarget "HackerNews" */;
			buildPhases = (
				AA416C15041F45F69A378B86 /* Check Pods Manifest.lock */,
				AE0AD3DF1964966B0062524F /* Sources */,
				AE0AD3E01964966B0062524F /* Frameworks */,
				AE0AD3E11964966B0062524F /* Resources */,
				973D8575B9E14B5586890D97 /* Copy Pods Resources */,
			);
			buildRules = (
			);
			dependencies = (
			);
			name = HackerNews;
			productName = HackerNews;
			productReference = AE0AD3E31964966B0062524F /* HackerNews.app */;
			productType = "com.apple.product-type.application";
		};
		AE0AD3F41964966C0062524F /* HackerNewsTests */ = {
			isa = PBXNativeTarget;
			buildConfigurationList = AE0AD4021964966C0062524F /* Build configuration list for PBXNativeTarget "HackerNewsTests" */;
			buildPhases = (
				AE0AD3F11964966C0062524F /* Sources */,
				AE0AD3F21964966C0062524F /* Frameworks */,
				AE0AD3F31964966C0062524F /* Resources */,
			);
			buildRules = (
			);
			dependencies = (
				AE0AD3F71964966C0062524F /* PBXTargetDependency */,
				AE38BD591964F2FF00C47920 /* PBXTargetDependency */,
			);
			name = HackerNewsTests;
			productName = HackerNewsTests;
			productReference = AE0AD3F51964966C0062524F /* HackerNewsTests.xctest */;
			productType = "com.apple.product-type.bundle.unit-test";
		};
/* End PBXNativeTarget section */

/* Begin PBXProject section */
		AE0AD3DB1964966B0062524F /* Project object */ = {
			isa = PBXProject;
			attributes = {
				LastUpgradeCheck = 0600;
				ORGANIZATIONNAME = "Frothy Software";
				TargetAttributes = {
					AE0AD3E21964966B0062524F = {
						CreatedOnToolsVersion = 6.0;
						DevelopmentTeam = 72NX6HE832;
						SystemCapabilities = {
							com.apple.Keychain = {
								enabled = 1;
							};
						};
					};
					AE0AD3F41964966C0062524F = {
						CreatedOnToolsVersion = 6.0;
						TestTargetID = AE0AD3E21964966B0062524F;
					};
				};
			};
			buildConfigurationList = AE0AD3DE1964966B0062524F /* Build configuration list for PBXProject "HackerNews" */;
			compatibilityVersion = "Xcode 3.2";
			developmentRegion = English;
			hasScannedForEncodings = 0;
			knownRegions = (
				en,
				Base,
			);
			mainGroup = AE0AD3DA1964966B0062524F;
			productRefGroup = AE0AD3E41964966B0062524F /* Products */;
			projectDirPath = "";
			projectRoot = "";
			targets = (
				AE0AD3E21964966B0062524F /* HackerNews */,
				AE0AD3F41964966C0062524F /* HackerNewsTests */,
			);
		};
/* End PBXProject section */

/* Begin PBXResourcesBuildPhase section */
		AE0AD3E11964966B0062524F /* Resources */ = {
			isa = PBXResourcesBuildPhase;
			buildActionMask = 2147483647;
			files = (
				AE0AD411196497230062524F /* Main.storyboard in Resources */,
				AE0AD413196497230062524F /* Images.xcassets in Resources */,
			);
			runOnlyForDeploymentPostprocessing = 0;
		};
		AE0AD3F31964966C0062524F /* Resources */ = {
			isa = PBXResourcesBuildPhase;
			buildActionMask = 2147483647;
			files = (
			);
			runOnlyForDeploymentPostprocessing = 0;
		};
/* End PBXResourcesBuildPhase section */

/* Begin PBXShellScriptBuildPhase section */
		973D8575B9E14B5586890D97 /* Copy Pods Resources */ = {
			isa = PBXShellScriptBuildPhase;
			buildActionMask = 2147483647;
			files = (
			);
			inputPaths = (
			);
			name = "Copy Pods Resources";
			outputPaths = (
			);
			runOnlyForDeploymentPostprocessing = 0;
			shellPath = /bin/sh;
			shellScript = "\"${SRCROOT}/Pods/Pods-resources.sh\"\n";
			showEnvVarsInLog = 0;
		};
		AA416C15041F45F69A378B86 /* Check Pods Manifest.lock */ = {
			isa = PBXShellScriptBuildPhase;
			buildActionMask = 2147483647;
			files = (
			);
			inputPaths = (
			);
			name = "Check Pods Manifest.lock";
			outputPaths = (
			);
			runOnlyForDeploymentPostprocessing = 0;
			shellPath = /bin/sh;
			shellScript = "diff \"${PODS_ROOT}/../Podfile.lock\" \"${PODS_ROOT}/Manifest.lock\" > /dev/null\nif [[ $? != 0 ]] ; then\n    cat << EOM\nerror: The sandbox is not in sync with the Podfile.lock. Run 'pod install' or update your CocoaPods installation.\nEOM\n    exit 1\nfi\n";
			showEnvVarsInLog = 0;
		};
/* End PBXShellScriptBuildPhase section */

/* Begin PBXSourcesBuildPhase section */
		AE0AD3DF1964966B0062524F /* Sources */ = {
			isa = PBXSourcesBuildPhase;
			buildActionMask = 2147483647;
			files = (
				AE105FCA196DCFAE00E8C6A9 /* CredentialStore.swift in Sources */,
				AEBC8CD91965DC86001F8846 /* LibHNHackerNewsAPI.swift in Sources */,
				AEBC8CE11965E169001F8846 /* LibHNPostToPost.swift in Sources */,
				AEBC8CDD1965DE6C001F8846 /* ObjectsFactory.swift in Sources */,
				AE721E171965D9B1008C9338 /* HackerNewsAPI.swift in Sources */,
				AEBC8CDF1965E008001F8846 /* Post.swift in Sources */,
				AEBC8CE31965E3B0001F8846 /* LibHNPostTypeImages.swift in Sources */,
				AE0CC549196C9166000E03E3 /* LibHNUserStore.swift in Sources */,
				AE0CC54B196C9175000E03E3 /* UserDataAccess.swift in Sources */,
				AE629619196B0D900015DA80 /* BlurBackgroundSegueExtension.swift in Sources */,
				AEBC8CDB1965DCC2001F8846 /* LibHNUserToUser.swift in Sources */,
				AE67F77219651D5600916826 /* ArticleTableViewCell.swift in Sources */,
				AE0AD41F1964ACC30062524F /* LoginViewController.swift in Sources */,
				AE0AD41D1964AC3A0062524F /* ArticlesViewController.swift in Sources */,
				AE105FCC196DCFCF00E8C6A9 /* AccountCredentialStore.swift in Sources */,
				AE721E191965DAEF008C9338 /* User.swift in Sources */,
				AE0AD40F196497230062524F /* ArticleViewController.swift in Sources */,
				AE67F77419651DFE00916826 /* DialogView.swift in Sources */,
				AE0AD40D196497230062524F /* AppDelegate.swift in Sources */,
			);
			runOnlyForDeploymentPostprocessing = 0;
		};
		AE0AD3F11964966C0062524F /* Sources */ = {
			isa = PBXSourcesBuildPhase;
			buildActionMask = 2147483647;
			files = (
				AE0AD41A1964977C0062524F /* HackerNewsTests.swift in Sources */,
			);
			runOnlyForDeploymentPostprocessing = 0;
		};
/* End PBXSourcesBuildPhase section */

/* Begin PBXTargetDependency section */
		AE0AD3F71964966C0062524F /* PBXTargetDependency */ = {
			isa = PBXTargetDependency;
			target = AE0AD3E21964966B0062524F /* HackerNews */;
			targetProxy = AE0AD3F61964966C0062524F /* PBXContainerItemProxy */;
		};
		AE38BD591964F2FF00C47920 /* PBXTargetDependency */ = {
			isa = PBXTargetDependency;
			target = AE0AD3E21964966B0062524F /* HackerNews */;
			targetProxy = AE38BD581964F2FF00C47920 /* PBXContainerItemProxy */;
		};
/* End PBXTargetDependency section */

/* Begin PBXVariantGroup section */
		AE0AD409196497230062524F /* Main.storyboard */ = {
			isa = PBXVariantGroup;
			children = (
				AE0AD40A196497230062524F /* Base */,
			);
			name = Main.storyboard;
			sourceTree = "<group>";
		};
/* End PBXVariantGroup section */

/* Begin XCBuildConfiguration section */
		AE0AD3FD1964966C0062524F /* Debug */ = {
			isa = XCBuildConfiguration;
			buildSettings = {
				ALWAYS_SEARCH_USER_PATHS = NO;
				CLANG_CXX_LANGUAGE_STANDARD = "gnu++0x";
				CLANG_CXX_LIBRARY = "libc++";
				CLANG_ENABLE_MODULES = YES;
				CLANG_ENABLE_OBJC_ARC = YES;
				CLANG_WARN_BOOL_CONVERSION = YES;
				CLANG_WARN_CONSTANT_CONVERSION = YES;
				CLANG_WARN_DIRECT_OBJC_ISA_USAGE = YES_ERROR;
				CLANG_WARN_EMPTY_BODY = YES;
				CLANG_WARN_ENUM_CONVERSION = YES;
				CLANG_WARN_INT_CONVERSION = YES;
				CLANG_WARN_OBJC_ROOT_CLASS = YES_ERROR;
				CLANG_WARN_UNREACHABLE_CODE = YES;
				CLANG_WARN__DUPLICATE_METHOD_MATCH = YES;
				"CODE_SIGN_IDENTITY[sdk=iphoneos*]" = "iPhone Developer";
				COPY_PHASE_STRIP = NO;
				ENABLE_STRICT_OBJC_MSGSEND = YES;
				GCC_C_LANGUAGE_STANDARD = gnu99;
				GCC_DYNAMIC_NO_PIC = NO;
				GCC_OPTIMIZATION_LEVEL = 0;
				GCC_PREPROCESSOR_DEFINITIONS = (
					"DEBUG=1",
					"$(inherited)",
				);
				GCC_SYMBOLS_PRIVATE_EXTERN = NO;
				GCC_WARN_64_TO_32_BIT_CONVERSION = YES;
				GCC_WARN_ABOUT_RETURN_TYPE = YES_ERROR;
				GCC_WARN_UNDECLARED_SELECTOR = YES;
				GCC_WARN_UNINITIALIZED_AUTOS = YES_AGGRESSIVE;
				GCC_WARN_UNUSED_FUNCTION = YES;
				GCC_WARN_UNUSED_VARIABLE = YES;
				IPHONEOS_DEPLOYMENT_TARGET = 8.0;
				METAL_ENABLE_DEBUG_INFO = YES;
				ONLY_ACTIVE_ARCH = YES;
				SDKROOT = iphoneos;
				SWIFT_OPTIMIZATION_LEVEL = "-Onone";
				TARGETED_DEVICE_FAMILY = "1,2";
			};
			name = Debug;
		};
		AE0AD3FE1964966C0062524F /* Release */ = {
			isa = XCBuildConfiguration;
			buildSettings = {
				ALWAYS_SEARCH_USER_PATHS = NO;
				CLANG_CXX_LANGUAGE_STANDARD = "gnu++0x";
				CLANG_CXX_LIBRARY = "libc++";
				CLANG_ENABLE_MODULES = YES;
				CLANG_ENABLE_OBJC_ARC = YES;
				CLANG_WARN_BOOL_CONVERSION = YES;
				CLANG_WARN_CONSTANT_CONVERSION = YES;
				CLANG_WARN_DIRECT_OBJC_ISA_USAGE = YES_ERROR;
				CLANG_WARN_EMPTY_BODY = YES;
				CLANG_WARN_ENUM_CONVERSION = YES;
				CLANG_WARN_INT_CONVERSION = YES;
				CLANG_WARN_OBJC_ROOT_CLASS = YES_ERROR;
				CLANG_WARN_UNREACHABLE_CODE = YES;
				CLANG_WARN__DUPLICATE_METHOD_MATCH = YES;
				"CODE_SIGN_IDENTITY[sdk=iphoneos*]" = "iPhone Developer";
				COPY_PHASE_STRIP = YES;
				ENABLE_NS_ASSERTIONS = NO;
				ENABLE_STRICT_OBJC_MSGSEND = YES;
				GCC_C_LANGUAGE_STANDARD = gnu99;
				GCC_WARN_64_TO_32_BIT_CONVERSION = YES;
				GCC_WARN_ABOUT_RETURN_TYPE = YES_ERROR;
				GCC_WARN_UNDECLARED_SELECTOR = YES;
				GCC_WARN_UNINITIALIZED_AUTOS = YES_AGGRESSIVE;
				GCC_WARN_UNUSED_FUNCTION = YES;
				GCC_WARN_UNUSED_VARIABLE = YES;
				IPHONEOS_DEPLOYMENT_TARGET = 8.0;
				METAL_ENABLE_DEBUG_INFO = NO;
				SDKROOT = iphoneos;
				TARGETED_DEVICE_FAMILY = "1,2";
				VALIDATE_PRODUCT = YES;
			};
			name = Release;
		};
		AE0AD4001964966C0062524F /* Debug */ = {
			isa = XCBuildConfiguration;
			baseConfigurationReference = 03144D6A38A24AB9BD8DBFEB /* Pods.xcconfig */;
			buildSettings = {
				ASSETCATALOG_COMPILER_APPICON_NAME = AppIcon;
				ASSETCATALOG_COMPILER_LAUNCHIMAGE_NAME = LaunchImage;
				CLANG_ENABLE_MODULES = YES;
				CODE_SIGN_ENTITLEMENTS = HackerNews.entitlements;
				CODE_SIGN_IDENTITY = "iPhone Developer";
				"CODE_SIGN_IDENTITY[sdk=iphoneos*]" = "iPhone Developer";
				INFOPLIST_FILE = Resources/Info.plist;
				LD_RUNPATH_SEARCH_PATHS = "$(inherited) @executable_path/Frameworks";
				PRODUCT_NAME = "$(TARGET_NAME)";
				PROVISIONING_PROFILE = "";
				SWIFT_OBJC_BRIDGING_HEADER = "Classes/HackerNews-Bridging-Header.h";
				SWIFT_OPTIMIZATION_LEVEL = "-Onone";
			};
			name = Debug;
		};
		AE0AD4011964966C0062524F /* Release */ = {
			isa = XCBuildConfiguration;
			baseConfigurationReference = 03144D6A38A24AB9BD8DBFEB /* Pods.xcconfig */;
			buildSettings = {
				ASSETCATALOG_COMPILER_APPICON_NAME = AppIcon;
				ASSETCATALOG_COMPILER_LAUNCHIMAGE_NAME = LaunchImage;
				CLANG_ENABLE_MODULES = YES;
				CODE_SIGN_ENTITLEMENTS = HackerNews.entitlements;
				CODE_SIGN_IDENTITY = "iPhone Developer";
				"CODE_SIGN_IDENTITY[sdk=iphoneos*]" = "iPhone Developer";
				INFOPLIST_FILE = Resources/Info.plist;
				LD_RUNPATH_SEARCH_PATHS = "$(inherited) @executable_path/Frameworks";
				PRODUCT_NAME = "$(TARGET_NAME)";
				PROVISIONING_PROFILE = "";
				SWIFT_OBJC_BRIDGING_HEADER = "Classes/HackerNews-Bridging-Header.h";
			};
			name = Release;
		};
		AE0AD4031964966C0062524F /* Debug */ = {
			isa = XCBuildConfiguration;
			buildSettings = {
				BUNDLE_LOADER = "$(BUILT_PRODUCTS_DIR)/HackerNews.app/HackerNews";
				FRAMEWORK_SEARCH_PATHS = (
					"$(SDKROOT)/Developer/Library/Frameworks",
					"$(inherited)",
				);
				GCC_PREPROCESSOR_DEFINITIONS = (
					"DEBUG=1",
					"$(inherited)",
				);
				INFOPLIST_FILE = Tests/Info.plist;
				LD_RUNPATH_SEARCH_PATHS = "$(inherited) @executable_path/Frameworks @loader_path/Frameworks";
				METAL_ENABLE_DEBUG_INFO = YES;
				PRODUCT_NAME = "$(TARGET_NAME)";
				TEST_HOST = "$(BUNDLE_LOADER)";
			};
			name = Debug;
		};
		AE0AD4041964966C0062524F /* Release */ = {
			isa = XCBuildConfiguration;
			buildSettings = {
				BUNDLE_LOADER = "$(BUILT_PRODUCTS_DIR)/HackerNews.app/HackerNews";
				FRAMEWORK_SEARCH_PATHS = (
					"$(SDKROOT)/Developer/Library/Frameworks",
					"$(inherited)",
				);
				INFOPLIST_FILE = Tests/Info.plist;
				LD_RUNPATH_SEARCH_PATHS = "$(inherited) @executable_path/Frameworks @loader_path/Frameworks";
				METAL_ENABLE_DEBUG_INFO = NO;
				PRODUCT_NAME = "$(TARGET_NAME)";
				TEST_HOST = "$(BUNDLE_LOADER)";
			};
			name = Release;
		};
/* End XCBuildConfiguration section */

/* Begin XCConfigurationList section */
		AE0AD3DE1964966B0062524F /* Build configuration list for PBXProject "HackerNews" */ = {
			isa = XCConfigurationList;
			buildConfigurations = (
				AE0AD3FD1964966C0062524F /* Debug */,
				AE0AD3FE1964966C0062524F /* Release */,
			);
			defaultConfigurationIsVisible = 0;
			defaultConfigurationName = Release;
		};
		AE0AD3FF1964966C0062524F /* Build configuration list for PBXNativeTarget "HackerNews" */ = {
			isa = XCConfigurationList;
			buildConfigurations = (
				AE0AD4001964966C0062524F /* Debug */,
				AE0AD4011964966C0062524F /* Release */,
			);
			defaultConfigurationIsVisible = 0;
			defaultConfigurationName = Release;
		};
		AE0AD4021964966C0062524F /* Build configuration list for PBXNativeTarget "HackerNewsTests" */ = {
			isa = XCConfigurationList;
			buildConfigurations = (
				AE0AD4031964966C0062524F /* Debug */,
				AE0AD4041964966C0062524F /* Release */,
			);
			defaultConfigurationIsVisible = 0;
			defaultConfigurationName = Release;
		};
/* End XCConfigurationList section */
	};
	rootObject = AE0AD3DB1964966B0062524F /* Project object */;
}
